
Microsoft Visual Studio Solution File, Format Version 12.00
# Visual Studio Version 17
VisualStudioVersion = 17.9.34723.18
MinimumVisualStudioVersion = 10.0.40219.1
Project("{2150E333-8FDC-42A3-9474-1A3956D46DE8}") = "Services", "Services", "{65F94A11-60D5-4D66-913F-6FB6C8380DD1}"
EndProject
Project("{9A19103F-16F7-4668-BE54-9A1E7A4F7556}") = "Multishop.Catalog", "Services\Multishop.Catalog\Multishop.Catalog.csproj", "{F6D8B466-674A-4692-8E86-7D24231C06BB}"
EndProject
Project("{9A19103F-16F7-4668-BE54-9A1E7A4F7556}") = "Multishop.Discount", "Services\Multishop.Discount\Multishop.Discount.csproj", "{9D83AA05-0C00-466C-844B-5E1F7C2A8850}"
EndProject
Project("{2150E333-8FDC-42A3-9474-1A3956D46DE8}") = "Multishop.Order", "Multishop.Order", "{2F8120E3-CD5F-48D8-9B7F-16C57640FD59}"
EndProject
Project("{2150E333-8FDC-42A3-9474-1A3956D46DE8}") = "Core", "Core", "{49B0A021-4DAE-4ED4-9678-ECECB6A6A2C2}"
EndProject
Project("{2150E333-8FDC-42A3-9474-1A3956D46DE8}") = "Infrastructure", "Infrastructure", "{5CA17989-9CD1-4163-9732-9410C227AC7C}"
EndProject
Project("{2150E333-8FDC-42A3-9474-1A3956D46DE8}") = "Presentation", "Presentation", "{C139D7C0-497B-43B7-99D9-E2D44C709673}"
EndProject
Project("{9A19103F-16F7-4668-BE54-9A1E7A4F7556}") = "Order.Domain", "Services\Multishop.Order\Core\Order.Domain\Order.Domain.csproj", "{AC9C8488-E37B-4E3E-9D6F-F7CCE8ADEF89}"
EndProject
Project("{9A19103F-16F7-4668-BE54-9A1E7A4F7556}") = "Order.Application", "Services\Multishop.Order\Core\Order.Application\Order.Application.csproj", "{6AC0B53B-129E-47A6-BA27-031FD916B74E}"
EndProject
Project("{9A19103F-16F7-4668-BE54-9A1E7A4F7556}") = "Order.Persistance", "Services\Multishop.Order\Infrastructure\Order.Persistance\Order.Persistance.csproj", "{9169EC15-35BF-41D6-B042-9AA55082A145}"
EndProject
Project("{9A19103F-16F7-4668-BE54-9A1E7A4F7556}") = "Order.API", "Services\Multishop.Order\Presentation\Order.API\Order.API.csproj", "{F8A4F837-8E5C-49A8-8F96-8B914D1B4E7E}"
EndProject
Project("{9A19103F-16F7-4668-BE54-9A1E7A4F7556}") = "Multishop.IdentityServer4", "Services\Multishop.IdentityServer4\Multishop.IdentityServer4.csproj", "{C3206B3E-A161-4D6E-932D-F3E1A4FB24A6}"
EndProject
Project("{2150E333-8FDC-42A3-9474-1A3956D46DE8}") = "Multishop.Cargo", "Multishop.Cargo", "{ABA989BF-8BB6-406B-98FB-D482992E1FC9}"
EndProject
Project("{9A19103F-16F7-4668-BE54-9A1E7A4F7556}") = "Cargo.Business", "Services\Multishop.Cargo\Cargo.Business\Cargo.Business.csproj", "{01B09A3F-2CEF-4AA2-9A85-1044DAC7CD21}"
EndProject
Project("{9A19103F-16F7-4668-BE54-9A1E7A4F7556}") = "Cargo.Entity", "Services\Multishop.Cargo\Cargo.Entity\Cargo.Entity.csproj", "{422DC990-90A9-44B3-A768-F5AA606C8E7C}"
EndProject
Project("{9A19103F-16F7-4668-BE54-9A1E7A4F7556}") = "Cargo.DataAccess", "Services\Multishop.Cargo\Cargo.DataAccess\Cargo.DataAccess.csproj", "{00848A62-C1A7-4862-85D7-824781F2C841}"
EndProject
Project("{9A19103F-16F7-4668-BE54-9A1E7A4F7556}") = "Cargo.Dto", "Services\Multishop.Cargo\Cargo.Dto\Cargo.Dto.csproj", "{71199B78-41C5-4D5B-9346-D45609C0789E}"
EndProject
Project("{9A19103F-16F7-4668-BE54-9A1E7A4F7556}") = "Cargo.API", "Services\Multishop.Cargo\Cargo.API\Cargo.API.csproj", "{6C2C6E0A-D9D1-4864-B864-C3FB64E173AF}"
EndProject
Project("{9A19103F-16F7-4668-BE54-9A1E7A4F7556}") = "Multishop.Basket", "Services\Multishop.Basket\Multishop.Basket.csproj", "{D39BA2C7-CBB5-4104-829D-61FB30E293C0}"
EndProject
Project("{2150E333-8FDC-42A3-9474-1A3956D46DE8}") = "Frontend", "Frontend", "{CCAD3A1B-4BFE-402A-90A2-8169965330C5}"
EndProject
Project("{9A19103F-16F7-4668-BE54-9A1E7A4F7556}") = "Multishop.UI", "Frontend\Multishop.UI\Multishop.UI.csproj", "{04C23C34-F03D-40B8-8E56-AEC5DC412639}"
EndProject
Project("{FAE04EC0-301F-11D3-BF4B-00C04F79EFBC}") = "Multishop.Comment", "Services\Multishop.Comment\Multishop.Comment.csproj", "{358F77DF-891B-49AA-B845-A857543E552D}"
EndProject
Global
	GlobalSection(SolutionConfigurationPlatforms) = preSolution
		Debug|Any CPU = Debug|Any CPU
		Release|Any CPU = Release|Any CPU
	EndGlobalSection
	GlobalSection(ProjectConfigurationPlatforms) = postSolution
		{F6D8B466-674A-4692-8E86-7D24231C06BB}.Debug|Any CPU.ActiveCfg = Debug|Any CPU
		{F6D8B466-674A-4692-8E86-7D24231C06BB}.Debug|Any CPU.Build.0 = Debug|Any CPU
		{F6D8B466-674A-4692-8E86-7D24231C06BB}.Release|Any CPU.ActiveCfg = Release|Any CPU
		{F6D8B466-674A-4692-8E86-7D24231C06BB}.Release|Any CPU.Build.0 = Release|Any CPU
		{9D83AA05-0C00-466C-844B-5E1F7C2A8850}.Debug|Any CPU.ActiveCfg = Debug|Any CPU
		{9D83AA05-0C00-466C-844B-5E1F7C2A8850}.Debug|Any CPU.Build.0 = Debug|Any CPU
		{9D83AA05-0C00-466C-844B-5E1F7C2A8850}.Release|Any CPU.ActiveCfg = Release|Any CPU
		{9D83AA05-0C00-466C-844B-5E1F7C2A8850}.Release|Any CPU.Build.0 = Release|Any CPU
		{AC9C8488-E37B-4E3E-9D6F-F7CCE8ADEF89}.Debug|Any CPU.ActiveCfg = Debug|Any CPU
		{AC9C8488-E37B-4E3E-9D6F-F7CCE8ADEF89}.Debug|Any CPU.Build.0 = Debug|Any CPU
		{AC9C8488-E37B-4E3E-9D6F-F7CCE8ADEF89}.Release|Any CPU.ActiveCfg = Release|Any CPU
		{AC9C8488-E37B-4E3E-9D6F-F7CCE8ADEF89}.Release|Any CPU.Build.0 = Release|Any CPU
		{6AC0B53B-129E-47A6-BA27-031FD916B74E}.Debug|Any CPU.ActiveCfg = Debug|Any CPU
		{6AC0B53B-129E-47A6-BA27-031FD916B74E}.Debug|Any CPU.Build.0 = Debug|Any CPU
		{6AC0B53B-129E-47A6-BA27-031FD916B74E}.Release|Any CPU.ActiveCfg = Release|Any CPU
		{6AC0B53B-129E-47A6-BA27-031FD916B74E}.Release|Any CPU.Build.0 = Release|Any CPU
		{9169EC15-35BF-41D6-B042-9AA55082A145}.Debug|Any CPU.ActiveCfg = Debug|Any CPU
		{9169EC15-35BF-41D6-B042-9AA55082A145}.Debug|Any CPU.Build.0 = Debug|Any CPU
		{9169EC15-35BF-41D6-B042-9AA55082A145}.Release|Any CPU.ActiveCfg = Release|Any CPU
		{9169EC15-35BF-41D6-B042-9AA55082A145}.Release|Any CPU.Build.0 = Release|Any CPU
		{F8A4F837-8E5C-49A8-8F96-8B914D1B4E7E}.Debug|Any CPU.ActiveCfg = Debug|Any CPU
		{F8A4F837-8E5C-49A8-8F96-8B914D1B4E7E}.Debug|Any CPU.Build.0 = Debug|Any CPU
		{F8A4F837-8E5C-49A8-8F96-8B914D1B4E7E}.Release|Any CPU.ActiveCfg = Release|Any CPU
		{F8A4F837-8E5C-49A8-8F96-8B914D1B4E7E}.Release|Any CPU.Build.0 = Release|Any CPU
		{C3206B3E-A161-4D6E-932D-F3E1A4FB24A6}.Debug|Any CPU.ActiveCfg = Debug|Any CPU
		{C3206B3E-A161-4D6E-932D-F3E1A4FB24A6}.Debug|Any CPU.Build.0 = Debug|Any CPU
		{C3206B3E-A161-4D6E-932D-F3E1A4FB24A6}.Release|Any CPU.ActiveCfg = Release|Any CPU
		{C3206B3E-A161-4D6E-932D-F3E1A4FB24A6}.Release|Any CPU.Build.0 = Release|Any CPU
		{01B09A3F-2CEF-4AA2-9A85-1044DAC7CD21}.Debug|Any CPU.ActiveCfg = Debug|Any CPU
		{01B09A3F-2CEF-4AA2-9A85-1044DAC7CD21}.Debug|Any CPU.Build.0 = Debug|Any CPU
		{01B09A3F-2CEF-4AA2-9A85-1044DAC7CD21}.Release|Any CPU.ActiveCfg = Release|Any CPU
		{01B09A3F-2CEF-4AA2-9A85-1044DAC7CD21}.Release|Any CPU.Build.0 = Release|Any CPU
		{422DC990-90A9-44B3-A768-F5AA606C8E7C}.Debug|Any CPU.ActiveCfg = Debug|Any CPU
		{422DC990-90A9-44B3-A768-F5AA606C8E7C}.Debug|Any CPU.Build.0 = Debug|Any CPU
		{422DC990-90A9-44B3-A768-F5AA606C8E7C}.Release|Any CPU.ActiveCfg = Release|Any CPU
		{422DC990-90A9-44B3-A768-F5AA606C8E7C}.Release|Any CPU.Build.0 = Release|Any CPU
		{00848A62-C1A7-4862-85D7-824781F2C841}.Debug|Any CPU.ActiveCfg = Debug|Any CPU
		{00848A62-C1A7-4862-85D7-824781F2C841}.Debug|Any CPU.Build.0 = Debug|Any CPU
		{00848A62-C1A7-4862-85D7-824781F2C841}.Release|Any CPU.ActiveCfg = Release|Any CPU
		{00848A62-C1A7-4862-85D7-824781F2C841}.Release|Any CPU.Build.0 = Release|Any CPU
		{71199B78-41C5-4D5B-9346-D45609C0789E}.Debug|Any CPU.ActiveCfg = Debug|Any CPU
		{71199B78-41C5-4D5B-9346-D45609C0789E}.Debug|Any CPU.Build.0 = Debug|Any CPU
		{71199B78-41C5-4D5B-9346-D45609C0789E}.Release|Any CPU.ActiveCfg = Release|Any CPU
		{71199B78-41C5-4D5B-9346-D45609C0789E}.Release|Any CPU.Build.0 = Release|Any CPU
		{6C2C6E0A-D9D1-4864-B864-C3FB64E173AF}.Debug|Any CPU.ActiveCfg = Debug|Any CPU
		{6C2C6E0A-D9D1-4864-B864-C3FB64E173AF}.Debug|Any CPU.Build.0 = Debug|Any CPU
		{6C2C6E0A-D9D1-4864-B864-C3FB64E173AF}.Release|Any CPU.ActiveCfg = Release|Any CPU
		{6C2C6E0A-D9D1-4864-B864-C3FB64E173AF}.Release|Any CPU.Build.0 = Release|Any CPU
		{D39BA2C7-CBB5-4104-829D-61FB30E293C0}.Debug|Any CPU.ActiveCfg = Debug|Any CPU
		{D39BA2C7-CBB5-4104-829D-61FB30E293C0}.Debug|Any CPU.Build.0 = Debug|Any CPU
		{D39BA2C7-CBB5-4104-829D-61FB30E293C0}.Release|Any CPU.ActiveCfg = Release|Any CPU
		{D39BA2C7-CBB5-4104-829D-61FB30E293C0}.Release|Any CPU.Build.0 = Release|Any CPU
		{04C23C34-F03D-40B8-8E56-AEC5DC412639}.Debug|Any CPU.ActiveCfg = Debug|Any CPU
		{04C23C34-F03D-40B8-8E56-AEC5DC412639}.Debug|Any CPU.Build.0 = Debug|Any CPU
		{04C23C34-F03D-40B8-8E56-AEC5DC412639}.Release|Any CPU.ActiveCfg = Release|Any CPU
		{04C23C34-F03D-40B8-8E56-AEC5DC412639}.Release|Any CPU.Build.0 = Release|Any CPU
		{358F77DF-891B-49AA-B845-A857543E552D}.Debug|Any CPU.ActiveCfg = Debug|Any CPU
		{358F77DF-891B-49AA-B845-A857543E552D}.Debug|Any CPU.Build.0 = Debug|Any CPU
		{358F77DF-891B-49AA-B845-A857543E552D}.Release|Any CPU.ActiveCfg = Release|Any CPU
		{358F77DF-891B-49AA-B845-A857543E552D}.Release|Any CPU.Build.0 = Release|Any CPU
	EndGlobalSection
	GlobalSection(SolutionProperties) = preSolution
		HideSolutionNode = FALSE
	EndGlobalSection
	GlobalSection(NestedProjects) = preSolution
		{F6D8B466-674A-4692-8E86-7D24231C06BB} = {65F94A11-60D5-4D66-913F-6FB6C8380DD1}
		{9D83AA05-0C00-466C-844B-5E1F7C2A8850} = {65F94A11-60D5-4D66-913F-6FB6C8380DD1}
		{2F8120E3-CD5F-48D8-9B7F-16C57640FD59} = {65F94A11-60D5-4D66-913F-6FB6C8380DD1}
		{49B0A021-4DAE-4ED4-9678-ECECB6A6A2C2} = {2F8120E3-CD5F-48D8-9B7F-16C57640FD59}
		{5CA17989-9CD1-4163-9732-9410C227AC7C} = {2F8120E3-CD5F-48D8-9B7F-16C57640FD59}
		{C139D7C0-497B-43B7-99D9-E2D44C709673} = {2F8120E3-CD5F-48D8-9B7F-16C57640FD59}
		{AC9C8488-E37B-4E3E-9D6F-F7CCE8ADEF89} = {49B0A021-4DAE-4ED4-9678-ECECB6A6A2C2}
		{6AC0B53B-129E-47A6-BA27-031FD916B74E} = {49B0A021-4DAE-4ED4-9678-ECECB6A6A2C2}
		{9169EC15-35BF-41D6-B042-9AA55082A145} = {5CA17989-9CD1-4163-9732-9410C227AC7C}
		{F8A4F837-8E5C-49A8-8F96-8B914D1B4E7E} = {C139D7C0-497B-43B7-99D9-E2D44C709673}
		{C3206B3E-A161-4D6E-932D-F3E1A4FB24A6} = {65F94A11-60D5-4D66-913F-6FB6C8380DD1}
		{ABA989BF-8BB6-406B-98FB-D482992E1FC9} = {65F94A11-60D5-4D66-913F-6FB6C8380DD1}
		{01B09A3F-2CEF-4AA2-9A85-1044DAC7CD21} = {ABA989BF-8BB6-406B-98FB-D482992E1FC9}
		{422DC990-90A9-44B3-A768-F5AA606C8E7C} = {ABA989BF-8BB6-406B-98FB-D482992E1FC9}
		{00848A62-C1A7-4862-85D7-824781F2C841} = {ABA989BF-8BB6-406B-98FB-D482992E1FC9}
		{71199B78-41C5-4D5B-9346-D45609C0789E} = {ABA989BF-8BB6-406B-98FB-D482992E1FC9}
		{6C2C6E0A-D9D1-4864-B864-C3FB64E173AF} = {ABA989BF-8BB6-406B-98FB-D482992E1FC9}
		{D39BA2C7-CBB5-4104-829D-61FB30E293C0} = {65F94A11-60D5-4D66-913F-6FB6C8380DD1}
		{04C23C34-F03D-40B8-8E56-AEC5DC412639} = {CCAD3A1B-4BFE-402A-90A2-8169965330C5}
		{358F77DF-891B-49AA-B845-A857543E552D} = {65F94A11-60D5-4D66-913F-6FB6C8380DD1}
	EndGlobalSection
	GlobalSection(ExtensibilityGlobals) = postSolution
		SolutionGuid = {151FB8A0-3013-4452-9FB6-B1C42F02ACD0}
	EndGlobalSection
EndGlobal
